{
  "version": 4,
  "terraform_version": "1.2.5",
  "serial": 132,
  "lineage": "49fe0c68-8a9e-544a-0151-db4da192760f",
  "outputs": {},
  "resources": [
    {
      "mode": "managed",
      "type": "scp_security_group",
      "name": "admin_sg",
      "provider": "provider[\"registry.terraform.io/samsungsdscloud/samsungcloudplatform\"]",
      "instances": [
        {
          "schema_version": 0,
          "attributes": {
            "description": "eshop management admin server security group",
            "id": "FIREWALL_SECURITY_GROUP-xe30d5YfscjPjP41vOdO_h",
            "is_loggable": false,
            "name": "eshopMgmtAdSG",
            "vpc_id": "VPC-wr0E_B9qrlbViYrofmmB1a"
          },
          "sensitive_attributes": [],
          "private": "bnVsbA==",
          "dependencies": [
            "scp_vpc.mgmt_vpc"
          ]
        }
      ]
    },
    {
      "mode": "managed",
      "type": "scp_security_group_rule",
      "name": "admin_rule_tcp",
      "provider": "provider[\"registry.terraform.io/samsungsdscloud/samsungcloudplatform\"]",
      "instances": [
        {
          "schema_version": 0,
          "attributes": {
            "addresses_ipv4": [
              "10.0.1.0/24"
            ],
            "description": "ssh SG rule generated from Terraform",
            "direction": "IN",
            "id": "FIREWALL_RULE-rECk_TLesNbHHwXin55-fd",
            "security_group_id": "FIREWALL_SECURITY_GROUP-xe30d5YfscjPjP41vOdO_h",
            "service": [
              {
                "type": "all",
                "value": ""
              }
            ]
          },
          "sensitive_attributes": [],
          "private": "bnVsbA==",
          "dependencies": [
            "scp_security_group.admin_sg",
            "scp_vpc.mgmt_vpc"
          ]
        }
      ]
    },
    {
      "mode": "managed",
      "type": "scp_vpc",
      "name": "mgmt_vpc",
      "provider": "provider[\"registry.terraform.io/samsungsdscloud/samsungcloudplatform\"]",
      "instances": [
        {
          "schema_version": 0,
          "attributes": {
            "description": "Vpc generated from Terraform",
            "id": "VPC-wr0E_B9qrlbViYrofmmB1a",
            "name": "eshopMgmtVpc",
            "region": "KR-EAST-1"
          },
          "sensitive_attributes": [],
          "private": "bnVsbA=="
        }
      ]
    }
  ]
}
