{
  "version": 4,
  "terraform_version": "1.2.5",
  "serial": 359,
  "lineage": "66033585-1e6b-e36e-0dba-56c6560d323a",
  "outputs": {
    "private_subnet_id": {
      "value": [
        "SUBNET-fK2gY4PtrPhGGGgkFXGZah"
      ],
      "type": [
        "tuple",
        [
          "string"
        ]
      ]
    },
    "public_subnet_id": {
      "value": [
        "SUBNET-eGQd18tlqrmSyZm4j4pkWk"
      ],
      "type": [
        "tuple",
        [
          "string"
        ]
      ]
    },
    "region": {
      "value": "KR-WEST",
      "type": "string"
    },
    "vpc_id": {
      "value": "VPC-EF-ldi0xt5hLg-Gs02EKvf",
      "type": "string"
    }
  },
  "resources": [
    {
      "mode": "data",
      "type": "scp_region",
      "name": "my_region",
      "provider": "provider[\"registry.terraform.io/samsungsdscloud/samsungcloudplatform\"]",
      "instances": [
        {
          "schema_version": 0,
          "attributes": {
            "block_id": "POOL-gPG61sbIttcSrZMsjYxy0l",
            "filter": null,
            "id": "ZONE-1txHHEZvs5cPYfYpy2_FPc",
            "location": "KR-WEST",
            "name": "KOREA-WEST-MAZ-SCP-B001"
          },
          "sensitive_attributes": []
        }
      ]
    },
    {
      "mode": "data",
      "type": "scp_region",
      "name": "region",
      "provider": "provider[\"registry.terraform.io/samsungsdscloud/samsungcloudplatform\"]",
      "instances": [
        {
          "schema_version": 0,
          "attributes": {
            "block_id": "POOL-gPG61sbIttcSrZMsjYxy0l",
            "filter": null,
            "id": "ZONE-1txHHEZvs5cPYfYpy2_FPc",
            "location": "KR-WEST",
            "name": "KOREA-WEST-MAZ-SCP-B001"
          },
          "sensitive_attributes": []
        }
      ]
    },
    {
      "mode": "data",
      "type": "scp_standard_image",
      "name": "ubuntu_image_vm",
      "provider": "provider[\"registry.terraform.io/samsungsdscloud/samsungcloudplatform\"]",
      "instances": [
        {
          "schema_version": 0,
          "attributes": {
            "base_image": "Release/Linux/Ubuntu/CMP_UBUNTU_SERVER_COMMUNITY_20.04",
            "category": "OS",
            "description": "",
            "filter": [
              {
                "name": "image_name",
                "use_regex": true,
                "values": [
                  "Ubuntu 20.04"
                ]
              }
            ],
            "id": "IMAGE-dW-daWg-sKnGu7v28o2bBh",
            "image_name": "Ubuntu 20.04",
            "image_type": "STANDARD",
            "os_type": "UBUNTU",
            "region": "KR-WEST-2",
            "service": "Virtual Server",
            "service_group": "COMPUTE"
          },
          "sensitive_attributes": []
        }
      ]
    },
    {
      "mode": "managed",
      "type": "scp_internet_gateway",
      "name": "mgmt_igw",
      "provider": "provider[\"registry.terraform.io/samsungsdscloud/samsungcloudplatform\"]",
      "instances": [
        {
          "schema_version": 0,
          "attributes": {
            "description": "Internet GW generated from Terraform",
            "id": "IGW-CWfKmyr0qiiU8CpalF1Cda",
            "vpc_id": "VPC-EF-ldi0xt5hLg-Gs02EKvf"
          },
          "sensitive_attributes": [],
          "private": "bnVsbA==",
          "dependencies": [
            "scp_vpc.mgmt_vpc"
          ]
        }
      ]
    },
    {
      "mode": "managed",
      "type": "scp_nat_gateway",
      "name": "mgmt_nat",
      "provider": "provider[\"registry.terraform.io/samsungsdscloud/samsungcloudplatform\"]",
      "instances": [
        {
          "schema_version": 0,
          "attributes": {
            "description": "NAT GW from Terraform",
            "id": "NAT_GW-3hDle_HwtAiOiFF0sU7cHb",
            "public_ip_id": "",
            "public_ipv4": "123.41.0.74",
            "subnet_id": "SUBNET-fK2gY4PtrPhGGGgkFXGZah"
          },
          "sensitive_attributes": [],
          "private": "bnVsbA==",
          "dependencies": [
            "scp_internet_gateway.mgmt_igw",
            "scp_subnet.private",
            "scp_vpc.mgmt_vpc"
          ]
        }
      ]
    },
    {
      "mode": "managed",
      "type": "scp_public_ip",
      "name": "bastion_ip",
      "provider": "provider[\"registry.terraform.io/samsungsdscloud/samsungcloudplatform\"]",
      "instances": [
        {
          "schema_version": 0,
          "attributes": {
            "description": "Public IP generated from Terraform",
            "id": "PUBLIC_IP-7PFat17xrIeU1T7rf3qwDk",
            "ipv4": "123.41.0.38",
            "region": "KR-WEST-2"
          },
          "sensitive_attributes": [],
          "private": "bnVsbA=="
        }
      ]
    },
    {
      "mode": "managed",
      "type": "scp_subnet",
      "name": "public",
      "provider": "provider[\"registry.terraform.io/samsungsdscloud/samsungcloudplatform\"]",
      "instances": [
        {
          "schema_version": 0,
          "attributes": {
            "description": "eshop management admin server security group",
            "id": "FIREWALL_SECURITY_GROUP-xe30d5YfscjPjP41vOdO_h",
            "is_loggable": false,
            "name": "eshopMgmtAdSG",
            "vpc_id": "VPC-wr0E_B9qrlbViYrofmmB1a"
          },
          "sensitive_attributes": [],
          "private": "bnVsbA==",
          "dependencies": [
            "scp_vpc.mgmt_vpc"
          ]
        }
      ]
    },
    {
      "mode": "managed",
      "type": "scp_security_group_rule",
      "name": "admin_rule_tcp",
      "provider": "provider[\"registry.terraform.io/samsungsdscloud/samsungcloudplatform\"]",
      "instances": [
        {
          "schema_version": 0,
          "attributes": {
            "addresses_ipv4": [
              "10.0.1.0/24"
            ],
            "description": "ssh SG rule generated from Terraform",
            "direction": "IN",
            "id": "FIREWALL_RULE-rECk_TLesNbHHwXin55-fd",
            "security_group_id": "FIREWALL_SECURITY_GROUP-xe30d5YfscjPjP41vOdO_h",
            "service": [
              {
                "type": "all",
                "value": ""
              }
            ]
          },
          "sensitive_attributes": [],
          "private": "bnVsbA==",
          "dependencies": [
            "scp_security_group.admin_sg",
            "scp_vpc.mgmt_vpc"
          ]
        }
      ]
    },
    {
      "mode": "managed",
      "type": "scp_vpc",
      "name": "mgmt_vpc",
      "provider": "provider[\"registry.terraform.io/samsungsdscloud/samsungcloudplatform\"]",
      "instances": [
        {
          "schema_version": 0,
          "attributes": {
            "description": "Vpc generated from Terraform",
            "id": "VPC-wr0E_B9qrlbViYrofmmB1a",
            "name": "eshopMgmtVpc",
            "region": "KR-WEST-2"
          },
          "sensitive_attributes": [],
          "private": "bnVsbA=="
        }
      ]
    }
  ],
  "check_results": null
}
