{
  "version": 4,
  "terraform_version": "1.4.0",
  "serial": 92,
  "lineage": "fcd37775-678b-0230-0351-cbd6936b2cd0",
  "outputs": {
    "admin_ip": {
      "value": "10.0.11.2",
      "type": "string"
    },
    "bastion_nat_ip": {
      "value": "",
      "type": "string"
    },
    "private_subnet_id": {
      "value": [
        "SUBNET-0uAZ9pH0r1gK7uBum9pxZa"
      ],
      "type": [
        "tuple",
        [
          "string"
        ]
      ]
    },
    "public_subnet_id": {
      "value": [
        "SUBNET-ToUnDyoSrymPjtig6jLWGh"
      ],
      "type": [
        "tuple",
        [
          "string"
        ]
      ]
    },
    "vpc_id": {
      "value": "VPC-N1CanqKVqekJ6FUDSDaBal",
      "type": "string"
    }
  },
  "resources": [
    {
      "mode": "data",
      "type": "scp_region",
      "name": "my_region",
      "provider": "provider[\"registry.terraform.io/samsungsdscloud/samsungcloudplatform\"]",
      "instances": [
        {
          "schema_version": 0,
          "attributes": {
            "block_id": "POOL-frgJCkfcrYmM49R-rCDJZm",
            "filter": null,
            "id": "ZONE-FClPklmysrhRpknZ6DaI2f",
            "location": "KR-WEST-1",
            "name": "KOREA-WEST-1-SCP-B001"
          },
          "sensitive_attributes": []
        }
      ]
    },
    {
      "mode": "data",
      "type": "scp_region",
      "name": "region",
      "provider": "provider[\"registry.terraform.io/samsungsdscloud/samsungcloudplatform\"]",
      "instances": [
        {
          "schema_version": 0,
          "attributes": {
            "block_id": "POOL-frgJCkfcrYmM49R-rCDJZm",
            "filter": null,
            "id": "ZONE-FClPklmysrhRpknZ6DaI2f",
            "location": "KR-WEST-1",
            "name": "KOREA-WEST-1-SCP-B001"
          },
          "sensitive_attributes": []
        }
      ]
    },
    {
      "mode": "data",
      "type": "scp_standard_image",
      "name": "ubuntu_image",
      "provider": "provider[\"registry.terraform.io/samsungsdscloud/samsungcloudplatform\"]",
      "instances": [
        {
          "schema_version": 0,
          "attributes": {
            "base_image": "Release/Linux/Ubuntu/CMP_UBUNTU_SERVER_ENTERPRISE_20.04.3_ALL_64",
            "category": "OS",
            "description": "",
            "filter": [
              {
                "name": "image_name",
                "use_regex": false,
                "values": [
                  "Ubuntu 20.04"
                ]
              }
            ],
            "id": "IMAGE-dW-daWg-sKnGu7v28o2bBh1",
            "image_name": "Ubuntu 20.04",
            "image_type": "STANDARD",
            "os_type": "UBUNTU",
            "region": "KR-WEST-1",
            "service": "Virtual Server",
            "service_group": "COMPUTE"
          },
          "sensitive_attributes": []
        }
      ]
    },
    {
      "mode": "managed",
      "type": "scp_internet_gateway",
      "name": "mgmt_igw",
      "provider": "provider[\"registry.terraform.io/samsungsdscloud/samsungcloudplatform\"]",
      "instances": [
        {
          "schema_version": 0,
          "attributes": {
            "description": "Internet GW generated from Terraform",
            "id": "IGW-5mdBLNYOtqaIO5TyP2XoFc",
            "vpc_id": "VPC-N1CanqKVqekJ6FUDSDaBal"
          },
          "sensitive_attributes": [],
          "private": "bnVsbA==",
          "dependencies": [
            "data.scp_region.my_region",
            "scp_vpc.mgmt_vpc"
          ]
        }
      ]
    },
    {
      "mode": "managed",
      "type": "scp_security_group",
      "name": "admin_sg",
      "provider": "provider[\"registry.terraform.io/samsungsdscloud/samsungcloudplatform\"]",
      "instances": [
        {
          "schema_version": 0,
          "attributes": {
            "description": "eshop management admin server security group",
            "id": "FIREWALL_SECURITY_GROUP-oWPGFK2trYhJEQtEri3r2m",
            "is_loggable": false,
            "name": "eshopMgmtAdSG",
            "vpc_id": "VPC-N1CanqKVqekJ6FUDSDaBal"
          },
          "sensitive_attributes": [],
          "private": "bnVsbA==",
          "dependencies": [
            "data.scp_region.my_region",
            "scp_vpc.mgmt_vpc"
          ]
        }
      ]
    },
    {
      "mode": "managed",
      "type": "scp_security_group",
      "name": "bastion_sg",
      "provider": "provider[\"registry.terraform.io/samsungsdscloud/samsungcloudplatform\"]",
      "instances": [
        {
          "schema_version": 0,
          "attributes": {
            "description": "eshop management bastion server security group",
            "id": "FIREWALL_SECURITY_GROUP-c_XqGesxrppM2dZgZJsQwb",
            "is_loggable": false,
            "name": "eshopMgmtBtSG",
            "vpc_id": "VPC-N1CanqKVqekJ6FUDSDaBal"
          },
          "sensitive_attributes": [],
          "private": "bnVsbA==",
          "dependencies": [
            "data.scp_region.my_region",
            "scp_vpc.mgmt_vpc"
          ]
        }
      ]
    },
    {
      "mode": "managed",
      "type": "scp_security_group_rule",
      "name": "admin_rule_all",
      "provider": "provider[\"registry.terraform.io/samsungsdscloud/samsungcloudplatform\"]",
      "instances": [
        {
          "schema_version": 0,
          "attributes": {
            "addresses_ipv4": [
              "0.0.0.0/0"
            ],
            "description": "SG out rule generated from Terraform",
            "direction": "OUT",
            "id": "FIREWALL_RULE--VjZQGa9tPhM_2CWGfiWGg",
            "security_group_id": "FIREWALL_SECURITY_GROUP-oWPGFK2trYhJEQtEri3r2m",
            "service": [
              {
                "type": "tcp",
                "value": "22"
              }
            ]
          },
          "sensitive_attributes": [],
          "private": "bnVsbA==",
          "dependencies": [
            "data.scp_region.my_region",
            "scp_security_group.admin_sg",
            "scp_vpc.mgmt_vpc"
          ]
        }
      ]
    },
    {
      "mode": "managed",
      "type": "scp_security_group_rule",
      "name": "admin_rule_tcp",
      "provider": "provider[\"registry.terraform.io/samsungsdscloud/samsungcloudplatform\"]",
      "instances": [
        {
          "schema_version": 0,
          "attributes": {
            "addresses_ipv4": [
              "10.0.1.0/24"
            ],
            "description": "ssh SG rule generated from Terraform",
            "direction": "IN",
            "id": "FIREWALL_RULE-1BgpCHictdfS87-DqZ09La",
            "security_group_id": "FIREWALL_SECURITY_GROUP-oWPGFK2trYhJEQtEri3r2m",
            "service": [
              {
                "type": "tcp",
                "value": "22"
              }
            ]
          },
          "sensitive_attributes": [],
          "private": "bnVsbA==",
          "dependencies": [
            "data.scp_region.my_region",
            "scp_security_group.admin_sg",
            "scp_vpc.mgmt_vpc"
          ]
        }
      ]
    },
    {
      "mode": "managed",
      "type": "scp_security_group_rule",
      "name": "bastion_rule_all",
      "provider": "provider[\"registry.terraform.io/samsungsdscloud/samsungcloudplatform\"]",
      "instances": [
        {
          "schema_version": 0,
          "attributes": {
            "addresses_ipv4": [
              "0.0.0.0/0"
            ],
            "description": "SG out rule generated from Terraform",
            "direction": "OUT",
            "id": "FIREWALL_RULE-uLCO9ceTrudQQOoBOFpJfj",
            "security_group_id": "FIREWALL_SECURITY_GROUP-c_XqGesxrppM2dZgZJsQwb",
            "service": [
              {
                "type": "all",
                "value": ""
              }
            ]
          },
          "sensitive_attributes": [],
          "private": "bnVsbA==",
          "dependencies": [
            "data.scp_region.my_region",
            "scp_security_group.bastion_sg",
            "scp_vpc.mgmt_vpc"
          ]
        }
      ]
    },
    {
      "mode": "managed",
      "type": "scp_security_group_rule",
      "name": "bastion_rule_ssh",
      "provider": "provider[\"registry.terraform.io/samsungsdscloud/samsungcloudplatform\"]",
      "instances": [
        {
          "schema_version": 0,
          "attributes": {
            "addresses_ipv4": [
              "112.152.240.50"
            ],
            "description": "SSH SG rule generated from Terraform",
            "direction": "IN",
            "id": "FIREWALL_RULE-9kCV-EFDtOeSNf1WyIJswl",
            "security_group_id": "FIREWALL_SECURITY_GROUP-c_XqGesxrppM2dZgZJsQwb",
            "service": [
              {
                "type": "tcp",
                "value": "22"
              }
            ]
          },
          "sensitive_attributes": [],
          "private": "bnVsbA==",
          "dependencies": [
            "scp_security_group.bastion_sg"
          ]
        }
      ]
    },
    {
      "mode": "managed",
      "type": "scp_security_group_rule",
      "name": "bastion_rule_tcp",
      "provider": "provider[\"registry.terraform.io/samsungsdscloud/samsungcloudplatform\"]",
      "instances": [
        {
          "schema_version": 0,
          "attributes": {
            "addresses_ipv4": [
              "0.0.0.0/0"
            ],
            "description": "TCP SG rule generated from Terraform",
            "direction": "IN",
            "id": "FIREWALL_RULE-mkVs7X7Oq6iIZfRo8-fkqj",
            "security_group_id": "FIREWALL_SECURITY_GROUP-c_XqGesxrppM2dZgZJsQwb",
            "service": [
              {
                "type": "tcp",
                "value": "80"
              }
            ]
          },
          "sensitive_attributes": [],
          "private": "bnVsbA==",
          "dependencies": [
            "data.scp_region.my_region",
            "scp_security_group.bastion_sg",
            "scp_vpc.mgmt_vpc"
          ]
        }
      ]
    },
    {
      "mode": "managed",
      "type": "scp_subnet",
      "name": "private",
      "provider": "provider[\"registry.terraform.io/samsungsdscloud/samsungcloudplatform\"]",
      "instances": [
        {
          "schema_version": 0,
          "attributes": {
            "cidr_ipv4": "10.0.11.0/24",
            "description": "private subnet generated from Terraform",
            "id": "SUBNET-0uAZ9pH0r1gK7uBum9pxZa",
            "name": "eshopMgmtPrSubnet",
            "type": "PRIVATE",
            "vpc_id": "VPC-N1CanqKVqekJ6FUDSDaBal"
          },
          "sensitive_attributes": [],
          "private": "bnVsbA==",
          "dependencies": [
            "data.scp_region.my_region",
            "scp_vpc.mgmt_vpc"
          ]
        }
      ]
    },
    {
      "mode": "managed",
      "type": "scp_subnet",
      "name": "public",
      "provider": "provider[\"registry.terraform.io/samsungsdscloud/samsungcloudplatform\"]",
      "instances": [
        {
          "schema_version": 0,
          "attributes": {
            "cidr_ipv4": "10.0.1.0/24",
            "description": "public subnet generated from Terraform",
            "id": "SUBNET-ToUnDyoSrymPjtig6jLWGh",
            "name": "eshopMgmtPuSubnet",
            "type": "PUBLIC",
            "vpc_id": "VPC-N1CanqKVqekJ6FUDSDaBal"
          },
          "sensitive_attributes": [],
          "private": "bnVsbA==",
          "dependencies": [
            "data.scp_region.my_region",
            "scp_vpc.mgmt_vpc"
          ]
        }
      ]
    },
    {
      "mode": "managed",
      "type": "scp_virtual_server",
      "name": "admin",
      "provider": "provider[\"registry.terraform.io/samsungsdscloud/samsungcloudplatform\"]",
      "instances": [
        {
          "schema_version": 0,
          "attributes": {
            "admin_account": "root",
            "admin_password": "admin123!",
            "anti_affinity": false,
            "contract_discount": "None",
            "cpu_count": 2,
            "delete_protection": false,
            "external_storage": [],
            "id": "INSTANCE-BgYxpZMZs-nVHBvqM74NRe",
            "image_id": "IMAGE-dW-daWg-sKnGu7v28o2bBh1",
            "initial_script_content": "",
            "ipv4": "10.0.11.2",
            "local_subnet": [],
            "memory_size_gb": 4,
            "name": "eshopadmin-001",
            "name_prefix": "eshopadmin",
            "nat_ipv4": "",
            "os_storage_encrypted": false,
            "os_storage_name": "eshopAdDisk1",
            "os_storage_size_gb": 100,
            "public_ip_id": null,
            "security_group_ids": [
              "FIREWALL_SECURITY_GROUP-oWPGFK2trYhJEQtEri3r2m"
            ],
            "subnet_id": "",
            "timezone": "Asia/Seoul",
            "use_dns": true,
            "vpc_id": "VPC-N1CanqKVqekJ6FUDSDaBal"
          },
          "sensitive_attributes": [],
          "private": "bnVsbA==",
          "dependencies": [
            "data.scp_standard_image.ubuntu_image",
            "scp_security_group.admin_sg",
            "scp_subnet.private",
            "scp_vpc.mgmt_vpc"
          ]
        }
      ]
    },
    {
      "mode": "managed",
      "type": "scp_virtual_server",
      "name": "bastion",
      "provider": "provider[\"registry.terraform.io/samsungsdscloud/samsungcloudplatform\"]",
      "instances": [
        {
          "schema_version": 0,
          "attributes": {
            "admin_account": "root",
            "admin_password": "eshop123!",
            "anti_affinity": false,
            "contract_discount": "None",
            "cpu_count": 2,
            "delete_protection": false,
            "external_storage": [],
            "id": "INSTANCE-KWQKSjjvqkkTInOOLyaOch",
            "image_id": "IMAGE-dW-daWg-sKnGu7v28o2bBh1",
            "initial_script_content": "",
            "ipv4": "10.0.1.2",
            "local_subnet": [],
            "memory_size_gb": 4,
            "name": "eshopbastion-001",
            "name_prefix": "eshopbastion",
            "nat_ipv4": "",
            "os_storage_encrypted": false,
            "os_storage_name": "eshopBtDisk1",
            "os_storage_size_gb": 100,
            "public_ip_id": null,
            "security_group_ids": [
              "FIREWALL_SECURITY_GROUP-c_XqGesxrppM2dZgZJsQwb"
            ],
            "subnet_id": "SUBNET-ToUnDyoSrymPjtig6jLWGh",
            "timezone": "Asia/Seoul",
            "use_dns": true,
            "vpc_id": "VPC-N1CanqKVqekJ6FUDSDaBal"
          },
          "sensitive_attributes": [],
          "private": "bnVsbA==",
          "dependencies": [
            "data.scp_region.my_region",
            "data.scp_region.region",
            "data.scp_standard_image.ubuntu_image",
            "scp_security_group.bastion_sg",
            "scp_subnet.public",
            "scp_vpc.mgmt_vpc"
          ]
        }
      ]
    },
    {
      "mode": "managed",
      "type": "scp_vpc",
      "name": "mgmt_vpc",
      "provider": "provider[\"registry.terraform.io/samsungsdscloud/samsungcloudplatform\"]",
      "instances": [
        {
          "schema_version": 0,
          "attributes": {
            "description": "Vpc generated from Terraform",
            "id": "VPC-N1CanqKVqekJ6FUDSDaBal",
            "name": "eshopMgmtVpc",
            "region": "KR-WEST-1"
          },
          "sensitive_attributes": [],
          "private": "bnVsbA==",
          "dependencies": [
            "data.scp_region.my_region"
          ]
        }
      ]
    }
  ],
  "check_results": null
}
