{
  "version": 4,
  "terraform_version": "1.4.0",
  "serial": 42,
  "lineage": "348841f3-edfc-1496-716f-374bdd456b52",
  "outputs": {},
  "resources": [
    {
      "mode": "managed",
      "type": "scp_subnet",
      "name": "public",
      "provider": "provider[\"registry.terraform.io/samsungsdscloud/samsungcloudplatform\"]",
      "instances": [
        {
          "schema_version": 0,
          "attributes": {
            "cidr_ipv4": "10.0.1.0/24",
            "description": "public subnet generated from Terraform",
            "id": "SUBNET-uyMXOQHesDdODWy9M7wfwl",
            "name": "eshopMgmtPuSubnet",
            "type": "PUBLIC",
            "vpc_id": "VPC-RegZqGoZtsfNxWGyKj1sdf"
          },
          "sensitive_attributes": [],
          "private": "bnVsbA==",
          "dependencies": [
            "scp_vpc.mgmt_vpc"
          ]
        }
      ]
    },
    {
      "mode": "managed",
      "type": "scp_vpc",
      "name": "mgmt_vpc",
      "provider": "provider[\"registry.terraform.io/samsungsdscloud/samsungcloudplatform\"]",
      "instances": [
        {
          "schema_version": 0,
          "attributes": {
            "description": "Vpc generated from Terraform",
            "id": "VPC-RegZqGoZtsfNxWGyKj1sdf",
            "name": "eshopMgmtVpc",
            "region": "KR-EAST-1"
          },
          "sensitive_attributes": [],
          "private": "bnVsbA=="
        }
      ]
    }
  ],
  "check_results": null
}
