{
  "version": 4,
  "terraform_version": "1.2.5",
  "serial": 166,
  "lineage": "49fe0c68-8a9e-544a-0151-db4da192760f",
  "outputs": {
    "admin_ip": {
      "value": "10.0.11.2",
      "type": "string"
    },
    "bastion_nat_ip": {
      "value": "123.41.128.7",
      "type": "string"
    },
    "private_subnet_id": {
      "value": [
        "SUBNET-7x05S-MdseeG2WTx_oPJcf"
      ],
      "type": [
        "tuple",
        [
          "string"
        ]
      ]
    },
    "public_subnet_id": {
      "value": [
        "SUBNET-5wTuOvCrqcoTqN6hyLf4Sd"
      ],
      "type": [
        "tuple",
        [
          "string"
        ]
      ]
    },
    "region": {
      "value": "KR-WEST",
      "type": "string"
    },
    "vpc_id": {
      "value": "VPC-iaqnyivaqMbM27NdKNYfLh",
      "type": "string"
    }
  },
  "resources": [
    {
      "mode": "data",
      "type": "scp_region",
      "name": "my_region",
      "provider": "provider[\"registry.terraform.io/samsungsdscloud/samsungcloudplatform\"]",
      "instances": [
        {
          "schema_version": 0,
          "attributes": {
            "block_id": "POOL-gPG61sbIttcSrZMsjYxy0l",
            "filter": null,
            "id": "ZONE-1txHHEZvs5cPYfYpy2_FPc",
            "location": "KR-WEST",
            "name": "KOREA-WEST-MAZ-SCP-B001"
          },
          "sensitive_attributes": []
        }
      ]
    },
    {
      "mode": "data",
      "type": "scp_region",
      "name": "region",
      "provider": "provider[\"registry.terraform.io/samsungsdscloud/samsungcloudplatform\"]",
      "instances": [
        {
          "schema_version": 0,
          "attributes": {
            "block_id": "POOL-gPG61sbIttcSrZMsjYxy0l",
            "filter": null,
            "id": "ZONE-1txHHEZvs5cPYfYpy2_FPc",
            "location": "KR-WEST",
            "name": "KOREA-WEST-MAZ-SCP-B001"
          },
          "sensitive_attributes": []
        }
      ]
    },
    {
      "mode": "data",
      "type": "scp_standard_image",
      "name": "ubuntu_image_k8s",
      "provider": "provider[\"registry.terraform.io/samsungsdscloud/samsungcloudplatform\"]",
      "instances": [
        {
          "schema_version": 0,
          "attributes": {
            "base_image": "Release/K8S/ubuntu-18.04-kube-v1.24.8-ske.p3",
            "category": "OS",
            "description": "",
            "filter": [
              {
                "name": "image_name",
                "use_regex": false,
                "values": [
                  "Ubuntu 18.04 (Kubernetes)-v1.24.8"
                ]
              }
            ],
            "id": "IMAGE-l0Rg-WhpsifRm8G-j3tBxkPP2",
            "image_name": "Ubuntu 18.04 (Kubernetes)-v1.24.8",
            "image_type": "STANDARD",
            "os_type": "UBUNTU",
            "region": "KR-EAST-1",
            "service": "Kubernetes Engine VM",
            "service_group": "CONTAINER"
          },
          "sensitive_attributes": []
        }
      ]
    },
    {
      "mode": "data",
      "type": "scp_standard_image",
      "name": "ubuntu_image_vm",
      "provider": "provider[\"registry.terraform.io/samsungsdscloud/samsungcloudplatform\"]",
      "instances": [
        {
          "schema_version": 0,
          "attributes": {
            "base_image": "Release/Linux/Ubuntu/CMP_UBUNTU_SERVER_ENTERPRISE_18.04.3_ALL_64",
            "category": "OS",
            "description": "",
            "filter": [
              {
                "name": "image_name",
                "use_regex": true,
                "values": [
                  "Ubuntu 18.04"
                ]
              }
            ],
            "id": "IMAGE-UypV-_oNsnnVcaHF5gApvc",
            "image_name": "Ubuntu 18.04",
            "image_type": "STANDARD",
            "os_type": "UBUNTU",
            "region": "KR-EAST-1",
            "service": "Virtual Server",
            "service_group": "COMPUTE"
          },
          "sensitive_attributes": []
        }
      ]
    },
    {
      "mode": "managed",
      "type": "scp_file_storage",
      "name": "mgmt_nfs",
      "provider": "provider[\"registry.terraform.io/samsungsdscloud/samsungcloudplatform\"]",
      "instances": [
        {
          "schema_version": 0,
          "attributes": {
            "cifs_password": null,
            "disk_type": "HDD",
            "id": "FILE_STORAGE-cwA0kp_BsHbVy2CTZ8EEvc",
            "is_encrypted": false,
            "name": "eshop_mgmt_nfs",
            "protocol": "NFS",
            "region": "KR-EAST-1",
            "retention_count": 0,
            "snapshot_day_of_week": "",
            "snapshot_frequency": "NONE",
            "snapshot_hour": 0
          },
          "sensitive_attributes": [],
          "private": "bnVsbA=="
        }
      ]
    },
    {
      "mode": "managed",
      "type": "scp_internet_gateway",
      "name": "mgmt_igw",
      "provider": "provider[\"registry.terraform.io/samsungsdscloud/samsungcloudplatform\"]",
      "instances": [
        {
          "schema_version": 0,
          "attributes": {
            "description": "Internet GW generated from Terraform",
            "id": "IGW-VOKUU_PtrpgJRxaAQkHOGh",
            "vpc_id": "VPC-iaqnyivaqMbM27NdKNYfLh"
          },
          "sensitive_attributes": [],
          "private": "bnVsbA==",
          "dependencies": [
            "scp_vpc.mgmt_vpc"
          ]
        }
      ]
    },
    {
      "mode": "managed",
      "type": "scp_kubernetes_engine",
      "name": "mgmt_cluster",
      "provider": "provider[\"registry.terraform.io/samsungsdscloud/samsungcloudplatform\"]",
      "instances": [
        {
          "schema_version": 0,
          "attributes": {
            "cloud_logging_enabled": false,
            "id": "HSCLUSTER-mg0RsZdxtThU8piYRRrZLj",
            "kube_config": "",
            "kubernetes_version": "v1.24.8",
            "load_balancer_id": "LB-Y85unf0CqOnMk4_vV07F4f",
            "name": "eshop-mgmt-cluster",
            "public_acl_ip_address": "",
            "public_endpoint": "",
            "security_group_id": "FIREWALL_SECURITY_GROUP-j7qWqbCCrYaSeMR5WMxInn",
            "subnet_id": "SUBNET-7x05S-MdseeG2WTx_oPJcf",
            "volume_id": "FILE_STORAGE-cwA0kp_BsHbVy2CTZ8EEvc",
            "vpc_id": "VPC-iaqnyivaqMbM27NdKNYfLh"
          },
          "sensitive_attributes": [],
          "private": "bnVsbA==",
          "dependencies": [
            "scp_file_storage.mgmt_nfs",
            "scp_internet_gateway.mgmt_igw",
            "scp_load_balancer.mgmt_lb",
            "scp_security_group.mgmt_cluster_sg",
            "scp_subnet.private",
            "scp_vpc.mgmt_vpc"
          ]
        }
      ]
    },
    {
      "mode": "managed",
      "type": "scp_kubernetes_node_pool",
      "name": "pool",
      "provider": "provider[\"registry.terraform.io/samsungsdscloud/samsungcloudplatform\"]",
      "instances": [
        {
          "schema_version": 0,
          "attributes": {
            "auto_recovery": true,
            "auto_scale": false,
            "cpu_count": 2,
            "desired_node_count": 2,
            "engine_id": "HSCLUSTER-mg0RsZdxtThU8piYRRrZLj",
            "id": "NODEPOOL-jvG5meqjr8mNncYYQKxY0p",
            "image_id": "IMAGE-l0Rg-WhpsifRm8G-j3tBxkPP2",
            "max_node_count": 2,
            "memory_size_gb": 4,
            "min_node_count": 2,
            "name": "eshop-mgmt-node",
            "storage_size_gb": "100",
            "storage_type": "SSD"
          },
          "sensitive_attributes": [],
          "private": "bnVsbA==",
          "dependencies": [
            "data.scp_standard_image.ubuntu_image_k8s",
            "scp_file_storage.mgmt_nfs",
            "scp_internet_gateway.mgmt_igw",
            "scp_kubernetes_engine.mgmt_cluster",
            "scp_load_balancer.mgmt_lb",
            "scp_security_group.mgmt_cluster_sg",
            "scp_subnet.private",
            "scp_vpc.mgmt_vpc"
          ]
        }
      ]
    },
    {
      "mode": "managed",
      "type": "scp_load_balancer",
      "name": "mgmt_lb",
      "provider": "provider[\"registry.terraform.io/samsungsdscloud/samsungcloudplatform\"]",
      "instances": [
        {
          "schema_version": 0,
          "attributes": {
            "cidr_ipv4": "192.168.102.0/24",
            "description": "LoadBalancer generated from Terraform",
            "id": "LB-Y85unf0CqOnMk4_vV07F4f",
            "link_ip": "192.168.254.2",
            "name": "eshop_mgmt_lb",
            "size": "SMALL",
            "vpc_id": "VPC-iaqnyivaqMbM27NdKNYfLh"
          },
          "sensitive_attributes": [],
          "private": "bnVsbA==",
          "dependencies": [
            "scp_vpc.mgmt_vpc"
          ]
        }
      ]
    },
    {
      "mode": "managed",
      "type": "scp_nat_gateway",
      "name": "mgmt_nat",
      "provider": "provider[\"registry.terraform.io/samsungsdscloud/samsungcloudplatform\"]",
      "instances": [
        {
          "schema_version": 0,
          "attributes": {
            "description": "NAT GW from Terraform",
            "id": "NAT_GW-7QoLhk_3qSjKF_QQU6lF1g",
            "public_ip_id": "",
            "public_ipv4": "123.41.128.10",
            "subnet_id": "SUBNET-7x05S-MdseeG2WTx_oPJcf"
          },
          "sensitive_attributes": [],
          "private": "bnVsbA==",
          "dependencies": [
            "scp_internet_gateway.mgmt_igw",
            "scp_subnet.private",
            "scp_vpc.mgmt_vpc"
          ]
        }
      ]
    },
    {
      "mode": "managed",
      "type": "scp_public_ip",
      "name": "bastion_ip",
      "provider": "provider[\"registry.terraform.io/samsungsdscloud/samsungcloudplatform\"]",
      "instances": [
        {
          "schema_version": 0,
          "attributes": {
            "description": "Public IP generated from Terraform",
            "id": "PUBLIC_IP-XphkQHhLsDjP0l4Aev2f3e",
            "ipv4": "123.41.128.7",
            "region": "KR-EAST-1"
          },
          "sensitive_attributes": [],
          "private": "bnVsbA=="
        }
      ]
    },
    {
      "mode": "managed",
      "type": "scp_security_group",
      "name": "admin_sg",
      "provider": "provider[\"registry.terraform.io/samsungsdscloud/samsungcloudplatform\"]",
      "instances": [
        {
          "schema_version": 0,
          "attributes": {
            "description": "eshop management admin server security group",
            "id": "FIREWALL_SECURITY_GROUP-a3Y_1X_XtZfGQ2V2aHGk_a",
            "is_loggable": false,
            "name": "eshopMgmtAdSG",
            "vpc_id": "VPC-iaqnyivaqMbM27NdKNYfLh"
          },
          "sensitive_attributes": [],
          "private": "bnVsbA==",
          "dependencies": [
            "scp_vpc.mgmt_vpc"
          ]
        }
      ]
    },
    {
      "mode": "managed",
      "type": "scp_security_group",
      "name": "bastion_sg",
      "provider": "provider[\"registry.terraform.io/samsungsdscloud/samsungcloudplatform\"]",
      "instances": [
        {
          "schema_version": 0,
          "attributes": {
            "description": "eshop management bastion server security group",
            "id": "FIREWALL_SECURITY_GROUP-IYi2oQPoqDkOAiVZbnZnGg",
            "is_loggable": false,
            "name": "eshopMgmtBtSG",
            "vpc_id": "VPC-iaqnyivaqMbM27NdKNYfLh"
          },
          "sensitive_attributes": [],
          "private": "bnVsbA==",
          "dependencies": [
            "scp_vpc.mgmt_vpc"
          ]
        }
      ]
    },
    {
      "mode": "managed",
      "type": "scp_security_group",
      "name": "mgmt_cluster_sg",
      "provider": "provider[\"registry.terraform.io/samsungsdscloud/samsungcloudplatform\"]",
      "instances": [
        {
          "schema_version": 0,
          "attributes": {
            "description": "eshop management admin server security group",
            "id": "FIREWALL_SECURITY_GROUP-j7qWqbCCrYaSeMR5WMxInn",
            "is_loggable": false,
            "name": "eshopMgmtClSG",
            "vpc_id": "VPC-iaqnyivaqMbM27NdKNYfLh"
          },
          "sensitive_attributes": [],
          "private": "bnVsbA==",
          "dependencies": [
            "scp_vpc.mgmt_vpc"
          ]
        }
      ]
    },
    {
      "mode": "managed",
      "type": "scp_security_group_rule",
      "name": "admin_rule_all",
      "provider": "provider[\"registry.terraform.io/samsungsdscloud/samsungcloudplatform\"]",
      "instances": [
        {
          "schema_version": 0,
          "attributes": {
            "addresses_ipv4": [
              "0.0.0.0/0"
            ],
            "description": "SG out rule generated from Terraform",
            "direction": "OUT",
            "id": "FIREWALL_RULE-frir7m0irCpOS8bjf2VuUh",
            "security_group_id": "FIREWALL_SECURITY_GROUP-a3Y_1X_XtZfGQ2V2aHGk_a",
            "service": [
              {
                "type": "all",
                "value": ""
              }
            ]
          },
          "sensitive_attributes": [],
          "private": "bnVsbA==",
          "dependencies": [
            "scp_security_group.admin_sg",
            "scp_vpc.mgmt_vpc"
          ]
        }
      ]
    },
    {
      "mode": "managed",
      "type": "scp_security_group_rule",
      "name": "admin_rule_tcp",
      "provider": "provider[\"registry.terraform.io/samsungsdscloud/samsungcloudplatform\"]",
      "instances": [
        {
          "schema_version": 0,
          "attributes": {
            "addresses_ipv4": [
              "10.0.1.0/24"
            ],
            "description": "ssh SG rule generated from Terraform",
            "direction": "IN",
            "id": "FIREWALL_RULE-oVNTGJNNsmbVCA9Dw2oeKb",
            "security_group_id": "FIREWALL_SECURITY_GROUP-a3Y_1X_XtZfGQ2V2aHGk_a",
            "service": [
              {
                "type": "all",
                "value": ""
              }
            ]
          },
          "sensitive_attributes": [],
          "private": "bnVsbA==",
          "dependencies": [
            "scp_security_group.admin_sg",
            "scp_vpc.mgmt_vpc"
          ]
        }
      ]
    },
    {
      "mode": "managed",
      "type": "scp_security_group_rule",
      "name": "bastion_rule_all",
      "provider": "provider[\"registry.terraform.io/samsungsdscloud/samsungcloudplatform\"]",
      "instances": [
        {
          "schema_version": 0,
          "attributes": {
            "addresses_ipv4": [
              "0.0.0.0/0"
            ],
            "description": "SG out rule generated from Terraform",
            "direction": "OUT",
            "id": "FIREWALL_RULE-AF5luP41rPmQ9baB1aQD7o",
            "security_group_id": "FIREWALL_SECURITY_GROUP-IYi2oQPoqDkOAiVZbnZnGg",
            "service": [
              {
                "type": "all",
                "value": ""
              }
            ]
          },
          "sensitive_attributes": [],
          "private": "bnVsbA==",
          "dependencies": [
            "scp_security_group.bastion_sg",
            "scp_vpc.mgmt_vpc"
          ]
        }
      ]
    },
    {
      "mode": "managed",
      "type": "scp_security_group_rule",
      "name": "bastion_rule_ssh",
      "provider": "provider[\"registry.terraform.io/samsungsdscloud/samsungcloudplatform\"]",
      "instances": [
        {
          "schema_version": 0,
          "attributes": {
            "addresses_ipv4": [
              "112.152.240.50"
            ],
            "description": "SSH SG rule generated from Terraform",
            "direction": "IN",
            "id": "FIREWALL_RULE-44EjF1YetmoPZZcnr1RlUh",
            "security_group_id": "FIREWALL_SECURITY_GROUP-IYi2oQPoqDkOAiVZbnZnGg",
            "service": [
              {
                "type": "tcp",
                "value": "22"
              }
            ]
          },
          "sensitive_attributes": [],
          "private": "bnVsbA==",
          "dependencies": [
            "scp_security_group.bastion_sg"
          ]
        }
      ]
    },
    {
      "mode": "managed",
      "type": "scp_security_group_rule",
      "name": "bastion_rule_tcp",
      "provider": "provider[\"registry.terraform.io/samsungsdscloud/samsungcloudplatform\"]",
      "instances": [
        {
          "schema_version": 0,
          "attributes": {
            "addresses_ipv4": [
              "0.0.0.0/0"
            ],
            "description": "TCP SG rule generated from Terraform",
            "direction": "IN",
            "id": "FIREWALL_RULE-t3oPP2EPqLiNk8sStIBFLg",
            "security_group_id": "FIREWALL_SECURITY_GROUP-IYi2oQPoqDkOAiVZbnZnGg",
            "service": [
              {
                "type": "tcp",
                "value": "80"
              }
            ]
          },
          "sensitive_attributes": [],
          "private": "bnVsbA==",
          "dependencies": [
            "scp_security_group.bastion_sg",
            "scp_vpc.mgmt_vpc"
          ]
        }
      ]
    },
    {
      "mode": "managed",
      "type": "scp_security_group_rule",
      "name": "mgmt_cluster_rule_all",
      "provider": "provider[\"registry.terraform.io/samsungsdscloud/samsungcloudplatform\"]",
      "instances": [
        {
          "schema_version": 0,
          "attributes": {
            "addresses_ipv4": [
              "0.0.0.0/0"
            ],
            "description": "SG out rule generated from Terraform",
            "direction": "OUT",
            "id": "FIREWALL_RULE-Pl0e4t9GsMaRF1N500U4cb",
            "security_group_id": "FIREWALL_SECURITY_GROUP-j7qWqbCCrYaSeMR5WMxInn",
            "service": [
              {
                "type": "all",
                "value": ""
              }
            ]
          },
          "sensitive_attributes": [],
          "private": "bnVsbA==",
          "dependencies": [
            "scp_security_group.mgmt_cluster_sg",
            "scp_vpc.mgmt_vpc"
          ]
        }
      ]
    },
    {
      "mode": "managed",
      "type": "scp_subnet",
      "name": "private",
      "provider": "provider[\"registry.terraform.io/samsungsdscloud/samsungcloudplatform\"]",
      "instances": [
        {
          "schema_version": 0,
          "attributes": {
            "cidr_ipv4": "10.0.11.0/24",
            "description": "private subnet generated from Terraform",
            "id": "SUBNET-7x05S-MdseeG2WTx_oPJcf",
            "name": "eshopMgmtPrSubnet",
            "type": "PRIVATE",
            "vpc_id": "VPC-iaqnyivaqMbM27NdKNYfLh"
          },
          "sensitive_attributes": [],
          "private": "bnVsbA==",
          "dependencies": [
            "scp_internet_gateway.mgmt_igw",
            "scp_vpc.mgmt_vpc"
          ]
        }
      ]
    },
    {
      "mode": "managed",
      "type": "scp_subnet",
      "name": "public",
      "provider": "provider[\"registry.terraform.io/samsungsdscloud/samsungcloudplatform\"]",
      "instances": [
        {
          "schema_version": 0,
          "attributes": {
            "cidr_ipv4": "10.0.1.0/24",
            "description": "public subnet generated from Terraform",
            "id": "SUBNET-5wTuOvCrqcoTqN6hyLf4Sd",
            "name": "eshopMgmtPuSubnet",
            "type": "PUBLIC",
            "vpc_id": "VPC-iaqnyivaqMbM27NdKNYfLh"
          },
          "sensitive_attributes": [],
          "private": "bnVsbA==",
          "dependencies": [
            "scp_vpc.mgmt_vpc"
          ]
        }
      ]
    },
    {
      "mode": "managed",
      "type": "scp_virtual_server",
      "name": "admin",
      "provider": "provider[\"registry.terraform.io/samsungsdscloud/samsungcloudplatform\"]",
      "instances": [
        {
          "schema_version": 0,
          "attributes": {
            "admin_account": "root",
            "admin_password": "admin123!",
            "anti_affinity": false,
            "contract_discount": "None",
            "cpu_count": 2,
            "delete_protection": false,
            "external_storage": [],
            "id": "INSTANCE-LMNuGJfYrDjGd58QUg2Ofc",
            "image_id": "IMAGE-UypV-_oNsnnVcaHF5gApvc",
            "initial_script_content": "# kubectl 설치\nsudo apt-get update\nsudo apt-get install -y apt-transport-https ca-certificates curl\n\nsudo curl -fsSLo /usr/share/keyrings/kubernetes-archive-keyring.gpg https://packages.cloud.google.com/apt/doc/apt-key.gpg\n\necho \"deb [signed-by=/usr/share/keyrings/kubernetes-archive-keyring.gpg] https://apt.kubernetes.io/ kubernetes-xenial main\" | sudo tee /etc/apt/sources.list.d/kubernetes.list\nsudo apt-get update\nsudo apt-get install -y kubelet kubeadm kubectl\nsudo apt-mark hold kubelet kubeadm kubectl\n\n# alias 설정\necho 'alias cls=clear' \u003e\u003e /root/.bashrc\necho 'export PATH=$PATH:/home/root/bin' \u003e\u003e /root/.bashrc\n\necho 'source \u003c(kubectl completion bash)' \u003e\u003e /root/.bashrc\necho 'alias k=kubectl' \u003e\u003e /root/.bashrc\necho 'complete -F __start_kubectl k' \u003e\u003e /root/.bashrc    \n\n# alias 추가\nalias mc='kubectl config use-context mgmt'\nalias ec='kubectl config use-context eshop'\n\n# WhereAmI\nalias wai='kubectl config get-contexts'\t\n",
            "internal_ip_address": null,
            "ipv4": "10.0.11.2",
            "local_subnet": [],
            "memory_size_gb": 4,
            "nat_ipv4": "",
            "os_storage_encrypted": false,
            "os_storage_name": "eshopAdDisk1",
            "os_storage_size_gb": 100,
            "public_ip_id": null,
            "security_group_ids": [
              "FIREWALL_SECURITY_GROUP-a3Y_1X_XtZfGQ2V2aHGk_a"
            ],
            "subnet_id": "",
            "use_dns": true,
            "virtual_server_name": "eshopadmin",
            "vpc_id": "VPC-iaqnyivaqMbM27NdKNYfLh"
          },
          "sensitive_attributes": [],
          "private": "bnVsbA==",
          "dependencies": [
            "data.scp_standard_image.ubuntu_image_vm",
            "scp_security_group.admin_sg",
            "scp_subnet.private",
            "scp_vpc.mgmt_vpc"
          ]
        }
      ]
    },
    {
      "mode": "managed",
      "type": "scp_virtual_server",
      "name": "bastion",
      "provider": "provider[\"registry.terraform.io/samsungsdscloud/samsungcloudplatform\"]",
      "instances": [
        {
          "schema_version": 0,
          "attributes": {
            "admin_account": "root",
            "admin_password": "eshop123!",
            "anti_affinity": false,
            "contract_discount": "None",
            "cpu_count": 2,
            "delete_protection": false,
            "external_storage": [],
            "id": "INSTANCE-e4u27h_MrInPDANk67fvai",
            "image_id": "IMAGE-UypV-_oNsnnVcaHF5gApvc",
            "initial_script_content": "",
            "internal_ip_address": null,
            "ipv4": "10.0.1.2",
            "local_subnet": [],
            "memory_size_gb": 4,
            "nat_ipv4": "123.41.128.7",
            "os_storage_encrypted": false,
            "os_storage_name": "eshopBtDisk1",
            "os_storage_size_gb": 100,
            "public_ip_id": "PUBLIC_IP-XphkQHhLsDjP0l4Aev2f3e",
            "security_group_ids": [
              "FIREWALL_SECURITY_GROUP-IYi2oQPoqDkOAiVZbnZnGg"
            ],
            "subnet_id": "SUBNET-5wTuOvCrqcoTqN6hyLf4Sd",
            "use_dns": true,
            "virtual_server_name": "eshopbastion",
            "vpc_id": "VPC-iaqnyivaqMbM27NdKNYfLh"
          },
          "sensitive_attributes": [],
          "private": "bnVsbA==",
          "dependencies": [
            "data.scp_standard_image.ubuntu_image_vm",
            "scp_public_ip.bastion_ip",
            "scp_security_group.bastion_sg",
            "scp_subnet.public",
            "scp_vpc.mgmt_vpc"
          ]
        }
      ]
    },
    {
      "mode": "managed",
      "type": "scp_vpc",
      "name": "mgmt_vpc",
      "provider": "provider[\"registry.terraform.io/samsungsdscloud/samsungcloudplatform\"]",
      "instances": [
        {
          "schema_version": 0,
          "attributes": {
            "description": "Vpc generated from Terraform",
            "id": "VPC-iaqnyivaqMbM27NdKNYfLh",
            "name": "eshopMgmtVpc",
            "region": "KR-EAST-1"
          },
          "sensitive_attributes": [],
          "private": "bnVsbA=="
        }
      ]
    }
  ]
}
