{
  "version": 4,
  "terraform_version": "1.2.5",
  "serial": 359,
  "lineage": "66033585-1e6b-e36e-0dba-56c6560d323a",
  "outputs": {
    "private_subnet_id": {
      "value": [
        "SUBNET-fK2gY4PtrPhGGGgkFXGZah"
      ],
      "type": [
        "tuple",
        [
          "string"
        ]
      ]
    },
    "public_subnet_id": {
      "value": [
        "SUBNET-eGQd18tlqrmSyZm4j4pkWk"
      ],
      "type": [
        "tuple",
        [
          "string"
        ]
      ]
    },
    "region": {
      "value": "KR-WEST",
      "type": "string"
    },
    "vpc_id": {
      "value": "VPC-EF-ldi0xt5hLg-Gs02EKvf",
      "type": "string"
    }
  },
  "resources": [
    {
      "mode": "data",
      "type": "scp_region",
      "name": "my_region",
      "provider": "provider[\"registry.terraform.io/samsungsdscloud/samsungcloudplatform\"]",
      "instances": [
        {
          "schema_version": 0,
          "attributes": {
            "block_id": "POOL-gPG61sbIttcSrZMsjYxy0l",
            "filter": null,
            "id": "ZONE-1txHHEZvs5cPYfYpy2_FPc",
            "location": "KR-WEST",
            "name": "KOREA-WEST-MAZ-SCP-B001"
          },
          "sensitive_attributes": []
        }
      ]
    },
    {
      "mode": "data",
      "type": "scp_region",
      "name": "region",
      "provider": "provider[\"registry.terraform.io/samsungsdscloud/samsungcloudplatform\"]",
      "instances": [
        {
          "schema_version": 0,
          "attributes": {
            "block_id": "POOL-gPG61sbIttcSrZMsjYxy0l",
            "filter": null,
            "id": "ZONE-1txHHEZvs5cPYfYpy2_FPc",
            "location": "KR-WEST",
            "name": "KOREA-WEST-MAZ-SCP-B001"
          },
          "sensitive_attributes": []
        }
      ]
    },
    {
      "mode": "data",
      "type": "scp_standard_image",
      "name": "ubuntu_image_vm",
      "provider": "provider[\"registry.terraform.io/samsungsdscloud/samsungcloudplatform\"]",
      "instances": [
        {
          "schema_version": 0,
          "attributes": {
            "base_image": "Release/Linux/Ubuntu/CMP_UBUNTU_SERVER_COMMUNITY_20.04",
            "category": "OS",
            "description": "",
            "filter": [
              {
                "name": "image_name",
                "use_regex": true,
                "values": [
                  "Ubuntu 20.04"
                ]
              }
            ],
            "id": "IMAGE-dW-daWg-sKnGu7v28o2bBh",
            "image_name": "Ubuntu 20.04",
            "image_type": "STANDARD",
            "os_type": "UBUNTU",
            "region": "KR-WEST-2",
            "service": "Virtual Server",
            "service_group": "COMPUTE"
          },
          "sensitive_attributes": []
        }
      ]
    },
    {
      "mode": "managed",
      "type": "scp_internet_gateway",
      "name": "mgmt_igw",
      "provider": "provider[\"registry.terraform.io/samsungsdscloud/samsungcloudplatform\"]",
      "instances": [
        {
          "schema_version": 0,
          "attributes": {
            "description": "Internet GW generated from Terraform",
            "id": "IGW-CWfKmyr0qiiU8CpalF1Cda",
            "vpc_id": "VPC-EF-ldi0xt5hLg-Gs02EKvf"
          },
          "sensitive_attributes": [],
          "private": "bnVsbA==",
          "dependencies": [
            "scp_vpc.mgmt_vpc"
          ]
        }
      ]
    },
    {
      "mode": "managed",
      "type": "scp_nat_gateway",
      "name": "mgmt_nat",
      "provider": "provider[\"registry.terraform.io/samsungsdscloud/samsungcloudplatform\"]",
      "instances": [
        {
          "schema_version": 0,
          "attributes": {
            "description": "NAT GW from Terraform",
            "id": "NAT_GW-3hDle_HwtAiOiFF0sU7cHb",
            "public_ip_id": "",
            "public_ipv4": "123.41.0.74",
            "subnet_id": "SUBNET-fK2gY4PtrPhGGGgkFXGZah"
          },
          "sensitive_attributes": [],
          "private": "bnVsbA==",
          "dependencies": [
            "scp_internet_gateway.mgmt_igw",
            "scp_subnet.private",
            "scp_vpc.mgmt_vpc"
          ]
        }
      ]
    },
    {
      "mode": "managed",
      "type": "scp_public_ip",
      "name": "bastion_ip",
      "provider": "provider[\"registry.terraform.io/samsungsdscloud/samsungcloudplatform\"]",
      "instances": [
        {
          "schema_version": 0,
          "attributes": {
            "description": "Public IP generated from Terraform",
            "id": "PUBLIC_IP-7PFat17xrIeU1T7rf3qwDk",
            "ipv4": "123.41.0.38",
            "region": "KR-WEST-2"
          },
          "sensitive_attributes": [],
          "private": "bnVsbA=="
        }
      ]
    },
    {
      "mode": "managed",
      "type": "scp_security_group",
      "name": "admin_sg",
      "provider": "provider[\"registry.terraform.io/samsungsdscloud/samsungcloudplatform\"]",
      "instances": [
        {
          "schema_version": 0,
          "attributes": {
            "description": "eshop management admin server security group",
            "id": "FIREWALL_SECURITY_GROUP-4ZcwGt5frSmGhaVP0jm08p",
            "is_loggable": false,
            "name": "eshopMgmtAdSG",
            "vpc_id": "VPC-EF-ldi0xt5hLg-Gs02EKvf"
          },
          "sensitive_attributes": [],
          "private": "bnVsbA==",
          "dependencies": [
            "scp_vpc.mgmt_vpc"
          ]
        }
      ]
    },
    {
      "mode": "managed",
      "type": "scp_security_group",
      "name": "bastion_sg",
      "provider": "provider[\"registry.terraform.io/samsungsdscloud/samsungcloudplatform\"]",
      "instances": [
        {
          "schema_version": 0,
          "attributes": {
            "description": "eshop management bastion server security group",
            "id": "FIREWALL_SECURITY_GROUP-hvMT5MuarviLefkaeymVSb",
            "is_loggable": false,
            "name": "eshopMgmtBtSG",
            "vpc_id": "VPC-EF-ldi0xt5hLg-Gs02EKvf"
          },
          "sensitive_attributes": [],
          "private": "bnVsbA==",
          "dependencies": [
            "scp_vpc.mgmt_vpc"
          ]
        }
      ]
    },
    {
      "mode": "managed",
      "type": "scp_security_group",
      "name": "mgmt_cluster_sg",
      "provider": "provider[\"registry.terraform.io/samsungsdscloud/samsungcloudplatform\"]",
      "instances": [
        {
          "schema_version": 0,
          "attributes": {
            "description": "eshop management admin server security group",
            "id": "FIREWALL_SECURITY_GROUP-mFZo1-MTrvjVCadRRZt79e",
            "is_loggable": false,
            "name": "eshopMgmtClSG",
            "vpc_id": "VPC-EF-ldi0xt5hLg-Gs02EKvf"
          },
          "sensitive_attributes": [],
          "private": "bnVsbA==",
          "dependencies": [
            "scp_vpc.mgmt_vpc"
          ]
        }
      ]
    },
    {
      "mode": "managed",
      "type": "scp_security_group_rule",
      "name": "admin_rule_all",
      "provider": "provider[\"registry.terraform.io/samsungsdscloud/samsungcloudplatform\"]",
      "instances": [
        {
          "schema_version": 0,
          "attributes": {
            "addresses_ipv4": [
              "0.0.0.0/0"
            ],
            "description": "SG out rule generated from Terraform",
            "direction": "OUT",
            "id": "FIREWALL_RULE-hgWNQCt3rubIn8byIwgq2p",
            "security_group_id": "FIREWALL_SECURITY_GROUP-4ZcwGt5frSmGhaVP0jm08p",
            "service": [
              {
                "type": "all",
                "value": ""
              }
            ]
          },
          "sensitive_attributes": [],
          "private": "bnVsbA==",
          "dependencies": [
            "scp_security_group.admin_sg",
            "scp_vpc.mgmt_vpc"
          ]
        }
      ]
    },
    {
      "mode": "managed",
      "type": "scp_security_group_rule",
      "name": "admin_rule_tcp",
      "provider": "provider[\"registry.terraform.io/samsungsdscloud/samsungcloudplatform\"]",
      "instances": [
        {
          "schema_version": 0,
          "attributes": {
            "addresses_ipv4": [
              "10.0.1.0/24"
            ],
            "description": "ssh SG rule generated from Terraform",
            "direction": "IN",
            "id": "FIREWALL_RULE-AaMSOInArReHwhav7tm5To",
            "security_group_id": "FIREWALL_SECURITY_GROUP-4ZcwGt5frSmGhaVP0jm08p",
            "service": [
              {
                "type": "all",
                "value": ""
              }
            ]
          },
          "sensitive_attributes": [],
          "private": "bnVsbA==",
          "dependencies": [
            "scp_security_group.admin_sg",
            "scp_vpc.mgmt_vpc"
          ]
        }
      ]
    },
    {
      "mode": "managed",
      "type": "scp_security_group_rule",
      "name": "bastion-argo-rollout",
      "provider": "provider[\"registry.terraform.io/samsungsdscloud/samsungcloudplatform\"]",
      "instances": [
        {
          "schema_version": 0,
          "attributes": {
            "addresses_ipv4": [
              "0.0.0.0/0"
            ],
            "description": "TCP argo rollout SG rule generated from Terraform",
            "direction": "IN",
            "id": "FIREWALL_RULE-HqipZZ-PqemVl4SYXtZ0Ia",
            "security_group_id": "FIREWALL_SECURITY_GROUP-hvMT5MuarviLefkaeymVSb",
            "service": [
              {
                "type": "tcp",
                "value": "3100"
              }
            ]
          },
          "sensitive_attributes": [],
          "private": "bnVsbA==",
          "dependencies": [
            "scp_security_group.bastion_sg",
            "scp_vpc.mgmt_vpc"
          ]
        }
      ]
    },
    {
      "mode": "managed",
      "type": "scp_security_group_rule",
      "name": "bastion_rule_all",
      "provider": "provider[\"registry.terraform.io/samsungsdscloud/samsungcloudplatform\"]",
      "instances": [
        {
          "schema_version": 0,
          "attributes": {
            "addresses_ipv4": [
              "0.0.0.0/0"
            ],
            "description": "SG out rule generated from Terraform",
            "direction": "OUT",
            "id": "FIREWALL_RULE-2stEPLaDr7iOnRnO36lHQk",
            "security_group_id": "FIREWALL_SECURITY_GROUP-hvMT5MuarviLefkaeymVSb",
            "service": [
              {
                "type": "all",
                "value": ""
              }
            ]
          },
          "sensitive_attributes": [],
          "private": "bnVsbA==",
          "dependencies": [
            "scp_security_group.bastion_sg",
            "scp_vpc.mgmt_vpc"
          ]
        }
      ]
    },
    {
      "mode": "managed",
      "type": "scp_security_group_rule",
      "name": "bastion_rule_ssh",
      "provider": "provider[\"registry.terraform.io/samsungsdscloud/samsungcloudplatform\"]",
      "instances": [
        {
          "schema_version": 0,
          "attributes": {
            "addresses_ipv4": [
              "112.152.240.50"
            ],
            "description": "SSH SG rule generated from Terraform",
            "direction": "IN",
            "id": "FIREWALL_RULE-S-SSbLBmrGdRhdIBPrZyJd",
            "security_group_id": "FIREWALL_SECURITY_GROUP-hvMT5MuarviLefkaeymVSb",
            "service": [
              {
                "type": "tcp",
                "value": "22"
              }
            ]
          },
          "sensitive_attributes": [],
          "private": "bnVsbA==",
          "dependencies": [
            "scp_security_group.bastion_sg",
            "scp_vpc.mgmt_vpc"
          ]
        }
      ]
    },
    {
      "mode": "managed",
      "type": "scp_security_group_rule",
      "name": "bastion_rule_tcp",
      "provider": "provider[\"registry.terraform.io/samsungsdscloud/samsungcloudplatform\"]",
      "instances": [
        {
          "schema_version": 0,
          "attributes": {
            "addresses_ipv4": [
              "0.0.0.0/0"
            ],
            "description": "TCP SG rule generated from Terraform",
            "direction": "IN",
            "id": "FIREWALL_RULE-X3NI5OMPs1jTRKxbpeCONh",
            "security_group_id": "FIREWALL_SECURITY_GROUP-hvMT5MuarviLefkaeymVSb",
            "service": [
              {
                "type": "tcp",
                "value": "80"
              }
            ]
          },
          "sensitive_attributes": [],
          "private": "bnVsbA==",
          "dependencies": [
            "scp_security_group.bastion_sg",
            "scp_vpc.mgmt_vpc"
          ]
        }
      ]
    },
    {
      "mode": "managed",
      "type": "scp_security_group_rule",
      "name": "mgmt_cluster_rule_all",
      "provider": "provider[\"registry.terraform.io/samsungsdscloud/samsungcloudplatform\"]",
      "instances": [
        {
          "schema_version": 0,
          "attributes": {
            "addresses_ipv4": [
              "0.0.0.0/0"
            ],
            "description": "SG out rule generated from Terraform",
            "direction": "OUT",
            "id": "FIREWALL_RULE-jM3iPKhLsRlJekWNJZWhtc",
            "security_group_id": "FIREWALL_SECURITY_GROUP-mFZo1-MTrvjVCadRRZt79e",
            "service": [
              {
                "type": "all",
                "value": ""
              }
            ]
          },
          "sensitive_attributes": [],
          "private": "bnVsbA==",
          "dependencies": [
            "scp_security_group.mgmt_cluster_sg",
            "scp_vpc.mgmt_vpc"
          ]
        }
      ]
    },
    {
      "mode": "managed",
      "type": "scp_subnet",
      "name": "private",
      "provider": "provider[\"registry.terraform.io/samsungsdscloud/samsungcloudplatform\"]",
      "instances": [
        {
          "schema_version": 0,
          "attributes": {
            "cidr_ipv4": "10.0.11.0/24",
            "description": "private subnet generated from Terraform",
            "id": "SUBNET-fK2gY4PtrPhGGGgkFXGZah",
            "name": "eshopMgmtPrSubnet",
            "type": "PRIVATE",
            "vpc_id": "VPC-EF-ldi0xt5hLg-Gs02EKvf"
          },
          "sensitive_attributes": [],
          "private": "bnVsbA==",
          "dependencies": [
            "scp_internet_gateway.mgmt_igw",
            "scp_vpc.mgmt_vpc"
          ]
        }
      ]
    },
    {
      "mode": "managed",
      "type": "scp_subnet",
      "name": "public",
      "provider": "provider[\"registry.terraform.io/samsungsdscloud/samsungcloudplatform\"]",
      "instances": [
        {
          "schema_version": 0,
          "attributes": {
            "cidr_ipv4": "10.0.10.0/24",
            "description": "public subnet generated from Terraform",
            "id": "SUBNET-eGQd18tlqrmSyZm4j4pkWk",
            "name": "eshopMgmtPuSubnet",
            "type": "PUBLIC",
            "vpc_id": "VPC-EF-ldi0xt5hLg-Gs02EKvf"
          },
          "sensitive_attributes": [],
          "private": "bnVsbA==",
          "dependencies": [
            "scp_internet_gateway.mgmt_igw",
            "scp_nat_gateway.mgmt_nat",
            "scp_subnet.private",
            "scp_vpc.mgmt_vpc"
          ]
        }
      ]
    },
    {
      "mode": "managed",
      "type": "scp_vpc",
      "name": "mgmt_vpc",
      "provider": "provider[\"registry.terraform.io/samsungsdscloud/samsungcloudplatform\"]",
      "instances": [
        {
          "schema_version": 0,
          "attributes": {
            "description": "Vpc generated from Terraform",
            "id": "VPC-EF-ldi0xt5hLg-Gs02EKvf",
            "name": "eshopMgmtVpc",
            "region": "KR-WEST-2"
          },
          "sensitive_attributes": [],
          "private": "bnVsbA=="
        }
      ]
    }
  ]
}
